
Microsoft Visual Studio Solution File, Format Version 12.00
Project("{2150E333-8FDC-42A3-9474-1A3956D46DE8}") = "src", "src", "{D4C661CC-5C28-49FC-B409-3600617BD205}"
EndProject
Project("{FAE04EC0-301F-11D3-BF4B-00C04F79EFBC}") = "Workout.Domain", "Workout.Domain\Workout.Domain.csproj", "{7F95EEB2-20B4-49BD-8E7F-5B1D1A362E77}"
EndProject
Project("{FAE04EC0-301F-11D3-BF4B-00C04F79EFBC}") = "Workout.Shared", "Workout.Shared\Workout.Shared.csproj", "{9F4439B9-A4B4-4AE6-B5DF-C88AB63112D9}"
EndProject
Project("{FAE04EC0-301F-11D3-BF4B-00C04F79EFBC}") = "Workout.Infrastructure", "Workout.Infrastructure\Workout.Infrastructure.csproj", "{D5D205CA-D0B2-4E30-9FA1-8A165F5C1FE7}"
EndProject
Project("{FAE04EC0-301F-11D3-BF4B-00C04F79EFBC}") = "Workout.Application", "Workout.Application\Workout.Application.csproj", "{A6712E4B-93B0-4628-B2F8-79C84647F1D4}"
EndProject
Project("{FAE04EC0-301F-11D3-BF4B-00C04F79EFBC}") = "Workout.Api", "Workout.Api\Workout.Api.csproj", "{FA750173-0130-4F8F-B5CA-1F19D86F76D0}"
EndProject
Project("{2150E333-8FDC-42A3-9474-1A3956D46DE8}") = "tests", "tests", "{04D30D0E-3245-4726-9A97-984D069D0E7A}"
EndProject
Project("{FAE04EC0-301F-11D3-BF4B-00C04F79EFBC}") = "Workout.UnitTests", "Workout.UnitTests\Workout.UnitTests.csproj", "{DBB5143F-3FB3-4A9C-A531-5CE198732997}"
EndProject
Project("{FAE04EC0-301F-11D3-BF4B-00C04F79EFBC}") = "Workout.IntegrationTests", "Workout.IntegrationTests\Workout.IntegrationTests.csproj", "{FB2D6E90-9FEA-4A59-AA60-DDF1AF9968DC}"
EndProject
Global
	GlobalSection(SolutionConfigurationPlatforms) = preSolution
		Debug|Any CPU = Debug|Any CPU
		Release|Any CPU = Release|Any CPU
	EndGlobalSection
	GlobalSection(NestedProjects) = preSolution
		{7F95EEB2-20B4-49BD-8E7F-5B1D1A362E77} = {D4C661CC-5C28-49FC-B409-3600617BD205}
		{9F4439B9-A4B4-4AE6-B5DF-C88AB63112D9} = {D4C661CC-5C28-49FC-B409-3600617BD205}
		{D5D205CA-D0B2-4E30-9FA1-8A165F5C1FE7} = {D4C661CC-5C28-49FC-B409-3600617BD205}
		{A6712E4B-93B0-4628-B2F8-79C84647F1D4} = {D4C661CC-5C28-49FC-B409-3600617BD205}
		{FA750173-0130-4F8F-B5CA-1F19D86F76D0} = {D4C661CC-5C28-49FC-B409-3600617BD205}
		{DBB5143F-3FB3-4A9C-A531-5CE198732997} = {04D30D0E-3245-4726-9A97-984D069D0E7A}
		{FB2D6E90-9FEA-4A59-AA60-DDF1AF9968DC} = {04D30D0E-3245-4726-9A97-984D069D0E7A}
	EndGlobalSection
	GlobalSection(ProjectConfigurationPlatforms) = postSolution
		{7F95EEB2-20B4-49BD-8E7F-5B1D1A362E77}.Debug|Any CPU.ActiveCfg = Debug|Any CPU
		{7F95EEB2-20B4-49BD-8E7F-5B1D1A362E77}.Debug|Any CPU.Build.0 = Debug|Any CPU
		{7F95EEB2-20B4-49BD-8E7F-5B1D1A362E77}.Release|Any CPU.ActiveCfg = Release|Any CPU
		{7F95EEB2-20B4-49BD-8E7F-5B1D1A362E77}.Release|Any CPU.Build.0 = Release|Any CPU
		{9F4439B9-A4B4-4AE6-B5DF-C88AB63112D9}.Debug|Any CPU.ActiveCfg = Debug|Any CPU
		{9F4439B9-A4B4-4AE6-B5DF-C88AB63112D9}.Debug|Any CPU.Build.0 = Debug|Any CPU
		{9F4439B9-A4B4-4AE6-B5DF-C88AB63112D9}.Release|Any CPU.ActiveCfg = Release|Any CPU
		{9F4439B9-A4B4-4AE6-B5DF-C88AB63112D9}.Release|Any CPU.Build.0 = Release|Any CPU
		{D5D205CA-D0B2-4E30-9FA1-8A165F5C1FE7}.Debug|Any CPU.ActiveCfg = Debug|Any CPU
		{D5D205CA-D0B2-4E30-9FA1-8A165F5C1FE7}.Debug|Any CPU.Build.0 = Debug|Any CPU
		{D5D205CA-D0B2-4E30-9FA1-8A165F5C1FE7}.Release|Any CPU.ActiveCfg = Release|Any CPU
		{D5D205CA-D0B2-4E30-9FA1-8A165F5C1FE7}.Release|Any CPU.Build.0 = Release|Any CPU
		{A6712E4B-93B0-4628-B2F8-79C84647F1D4}.Debug|Any CPU.ActiveCfg = Debug|Any CPU
		{A6712E4B-93B0-4628-B2F8-79C84647F1D4}.Debug|Any CPU.Build.0 = Debug|Any CPU
		{A6712E4B-93B0-4628-B2F8-79C84647F1D4}.Release|Any CPU.ActiveCfg = Release|Any CPU
		{A6712E4B-93B0-4628-B2F8-79C84647F1D4}.Release|Any CPU.Build.0 = Release|Any CPU
		{FA750173-0130-4F8F-B5CA-1F19D86F76D0}.Debug|Any CPU.ActiveCfg = Debug|Any CPU
		{FA750173-0130-4F8F-B5CA-1F19D86F76D0}.Debug|Any CPU.Build.0 = Debug|Any CPU
		{FA750173-0130-4F8F-B5CA-1F19D86F76D0}.Release|Any CPU.ActiveCfg = Release|Any CPU
		{FA750173-0130-4F8F-B5CA-1F19D86F76D0}.Release|Any CPU.Build.0 = Release|Any CPU
		{DBB5143F-3FB3-4A9C-A531-5CE198732997}.Debug|Any CPU.ActiveCfg = Debug|Any CPU
		{DBB5143F-3FB3-4A9C-A531-5CE198732997}.Debug|Any CPU.Build.0 = Debug|Any CPU
		{DBB5143F-3FB3-4A9C-A531-5CE198732997}.Release|Any CPU.ActiveCfg = Release|Any CPU
		{DBB5143F-3FB3-4A9C-A531-5CE198732997}.Release|Any CPU.Build.0 = Release|Any CPU
		{FB2D6E90-9FEA-4A59-AA60-DDF1AF9968DC}.Debug|Any CPU.ActiveCfg = Debug|Any CPU
		{FB2D6E90-9FEA-4A59-AA60-DDF1AF9968DC}.Debug|Any CPU.Build.0 = Debug|Any CPU
		{FB2D6E90-9FEA-4A59-AA60-DDF1AF9968DC}.Release|Any CPU.ActiveCfg = Release|Any CPU
		{FB2D6E90-9FEA-4A59-AA60-DDF1AF9968DC}.Release|Any CPU.Build.0 = Release|Any CPU
	EndGlobalSection
EndGlobal
